{
  "version": 4,
  "terraform_version": "0.12.6",
  "serial": 1,
  "lineage": "f15d3f85-9961-d460-e9de-64afaa4d67c6",
  "outputs": {},
  "resources": [
    {
      "mode": "managed",
      "type": "google_container_cluster",
      "name": "gke-cluster",
      "provider": "provider.google",
      "instances": [
        {
          "schema_version": 1,
          "attributes": {
            "additional_zones": [],
            "addons_config": [
              {
                "horizontal_pod_autoscaling": [],
                "http_load_balancing": [],
                "kubernetes_dashboard": [
                  {
                    "disabled": true
                  }
                ],
                "network_policy_config": [
                  {
                    "disabled": true
                  }
                ]
              }
            ],
            "cluster_autoscaling": [],
            "cluster_ipv4_cidr": "10.4.0.0/14",
            "description": "",
            "enable_binary_authorization": null,
            "enable_intranode_visibility": null,
            "enable_kubernetes_alpha": false,
            "enable_legacy_abac": false,
            "enable_tpu": null,
            "endpoint": "35.246.39.123",
            "id": "my-first-gke-cluster",
            "initial_node_count": 3,
            "instance_group_urls": [
              "https://www.googleapis.com/compute/v1/projects/vivid-fragment-222314/zones/europe-west2-b/instanceGroups/gke-my-first-gke-cluster-default-pool-8faca992-grp"
            ],
            "ip_allocation_policy": [],
            "location": "europe-west2-b",
            "logging_service": "logging.googleapis.com",
            "maintenance_policy": [],
            "master_auth": [
              {
                "client_certificate": "",
                "client_certificate_config": [
                  {
                    "issue_client_certificate": false
                  }
                ],
                "client_key": "",
                "cluster_ca_certificate": "LS0tLS1CRUdJTiBDRVJUSUZJQ0FURS0tLS0tCk1JSURDekNDQWZPZ0F3SUJBZ0lRRGdJcE9RY0c1bVZFa00weU9KUHpSakFOQmdrcWhraUc5dzBCQVFzRkFEQXYKTVMwd0t3WURWUVFERXlRM00yTTNObUZsT0MwMFpEZzBMVFF4TkRVdFltWTJNaTAxTkdJd1ptVTFOek5rWWpjdwpIaGNOTVRrd09EQTNNVEkwTXpRd1doY05NalF3T0RBMU1UTTBNelF3V2pBdk1TMHdLd1lEVlFRREV5UTNNMk0zCk5tRmxPQzAwWkRnMExUUXhORFV0WW1ZMk1pMDFOR0l3Wm1VMU56TmtZamN3Z2dFaU1BMEdDU3FHU0liM0RRRUIKQVFVQUE0SUJEd0F3Z2dFS0FvSUJBUUMxTnhwQlF3M1hFTEc4ZzYvblB3WU0zZkJTZ21UQ2NIbHp2UzltajJRWApGVXNsTWVldUR4RWtucWJsYVV5Y3lnbmRodmtWOEkycjRoUENkS0xkcEY4QnlCWVQ0QmgwYjRidG5TSkU3U0xnCkVBbThQY1dvNU1va2wvMGJWeVl3V3Jwd0x5TVAxQUhwRmRjdyttdFQ2N2svTEl5Y0JxVG9CQUJNVHBSUzNpWlIKdHExV3JVcUNSeXJVeWZ6b21pV0t0a1dwL3pXVEltWE1qckg2RzBlc3MwRWkwS3QrM2xCVXlENE5YeTFqd3NkSQpPMkg2ZGhFNS8zOVpzZis3azNmQ0FkOHRJZGNkWjBPU0VMYXNmL1NxcEJ5OFhUWWYwalpmVEQ5R21WM2ZsZ1pXClVLdDJFdHk0YnF1djN0bEVnRjZmUVhwWjhiVDFoOFBaWlFWSklURWlNdzNiQWdNQkFBR2pJekFoTUE0R0ExVWQKRHdFQi93UUVBd0lDQkRBUEJnTlZIUk1CQWY4RUJUQURBUUgvTUEwR0NTcUdTSWIzRFFFQkN3VUFBNElCQVFBNQpjRjUxdW80TldkQlhjSHgyeHVhUW9YZWRsblE5VHpxbkZUWFpmMSt4NHBVb0F0UUQ0ekdxOGJDVE1HQ290Q1ZLCjJEcnpDQWtCWnd1VXFzTC9VbEVmS3NZRlNNK3NvT0VFdDdheTMvbkVFeHZIdnpLT0hSbHluaVYwVkl5OEtCZXMKcm5wajEybDM3SlBORC9hYlFoMlpqVWRFRmhKaHdDVlhhRG5WU25DSXpqejIyamdVNW1IakpsRnM3SFFHVFh2ZAp6c0RGYk9Ib0FJU29KcTQ2dE5oclUwR1p5WlpKeUF2WCthOVY3VkdUTlVoMUNhRVByN3hxbGk5MGlkVXJ5SEhOCnhhTDZybDFSNFZpa1duVHZRcHRpUisrZSt2WjR5ZzlkQVZVMWJVeUpYb2V0YUh4OWh2cmRDSFFJbUY2TFp6ZlQKMnZMSHhlcGc4ZEdXRlJ2bTNub1kKLS0tLS1FTkQgQ0VSVElGSUNBVEUtLS0tLQo=",
                "password": "",
                "username": ""
              }
            ],
            "master_authorized_networks_config": [],
            "master_version": "1.12.8-gke.10",
            "min_master_version": null,
            "monitoring_service": "monitoring.googleapis.com",
            "name": "my-first-gke-cluster",
            "network": "projects/vivid-fragment-222314/global/networks/default",
            "network_policy": [
              {
                "enabled": false,
                "provider": "PROVIDER_UNSPECIFIED"
              }
            ],
            "node_config": [
              {
                "disk_size_gb": 100,
                "disk_type": "pd-standard",
                "guest_accelerator": [],
                "image_type": "COS",
                "labels": {},
                "local_ssd_count": 0,
                "machine_type": "n1-standard-1",
                "metadata": {
                  "disable-legacy-endpoints": "true"
                },
                "min_cpu_platform": "",
                "oauth_scopes": [
                  "https://www.googleapis.com/auth/devstorage.read_only",
                  "https://www.googleapis.com/auth/logging.write",
                  "https://www.googleapis.com/auth/monitoring",
                  "https://www.googleapis.com/auth/service.management.readonly",
                  "https://www.googleapis.com/auth/servicecontrol",
                  "https://www.googleapis.com/auth/trace.append"
                ],
                "preemptible": false,
                "sandbox_config": [],
                "service_account": "default",
                "tags": [],
                "taint": [],
                "workload_metadata_config": []
              }
            ],
            "node_locations": [],
            "node_pool": [
              {
                "autoscaling": [],
                "initial_node_count": 3,
                "instance_group_urls": [
                  "https://www.googleapis.com/compute/v1/projects/vivid-fragment-222314/zones/europe-west2-b/instanceGroupManagers/gke-my-first-gke-cluster-default-pool-8faca992-grp"
                ],
                "management": [
                  {
                    "auto_repair": false,
                    "auto_upgrade": false
                  }
                ],
                "max_pods_per_node": 0,
                "name": "default-pool",
                "name_prefix": "",
                "node_config": [
                  {
                    "disk_size_gb": 100,
                    "disk_type": "pd-standard",
                    "guest_accelerator": [],
                    "image_type": "COS",
                    "labels": {},
                    "local_ssd_count": 0,
                    "machine_type": "n1-standard-1",
                    "metadata": {
                      "disable-legacy-endpoints": "true"
                    },
                    "min_cpu_platform": "",
                    "oauth_scopes": [
                      "https://www.googleapis.com/auth/devstorage.read_only",
                      "https://www.googleapis.com/auth/logging.write",
                      "https://www.googleapis.com/auth/monitoring",
                      "https://www.googleapis.com/auth/service.management.readonly",
                      "https://www.googleapis.com/auth/servicecontrol",
                      "https://www.googleapis.com/auth/trace.append"
                    ],
                    "preemptible": false,
                    "sandbox_config": [],
                    "service_account": "default",
                    "tags": [],
                    "taint": [],
                    "workload_metadata_config": []
                  }
                ],
                "node_count": 3,
                "version": "1.12.8-gke.10"
              }
            ],
            "node_version": "1.12.8-gke.10",
            "pod_security_policy_config": [],
            "private_cluster_config": [],
            "project": "vivid-fragment-222314",
            "region": null,
            "remove_default_node_pool": null,
            "resource_labels": null,
            "services_ipv4_cidr": "10.7.240.0/20",
            "subnetwork": "projects/vivid-fragment-222314/regions/europe-west2/subnetworks/default",
            "timeouts": null,
            "zone": "europe-west2-b"
          },
          "private": "eyJlMmJmYjczMC1lY2FhLTExZTYtOGY4OC0zNDM2M2JjN2M0YzAiOnsiY3JlYXRlIjoxODAwMDAwMDAwMDAwLCJkZWxldGUiOjE4MDAwMDAwMDAwMDAsInVwZGF0ZSI6MzYwMDAwMDAwMDAwMH0sInNjaGVtYV92ZXJzaW9uIjoiMSJ9"
        }
      ]
    }
  ]
}
